Microsoft Visual Studio Solution File, Format Version 9.00
# Visual Studio 2005
Project("{8BC9CEB8-8B4A-11D0-8D11-00A0C91BC942}") = "XPokerEval.CactusKev", "XPokerEval.CactusKev\XPokerEval.CactusKev.vcproj", "{816F7B61-FD47-4B5D-B699-0A63C2189EEB}"
	ProjectSection(ProjectDependencies) = postProject
		{337EFD44-E690-462C-81FB-1183CA4016F6} = {337EFD44-E690-462C-81FB-1183CA4016F6}
	EndProjectSection
EndProject
Project("{FAE04EC0-301F-11D3-BF4B-00C04F79EFBC}") = "XPokerEval.CactusKev.CSharp", "XPokerEval.CactusKev.CSharp\XPokerEval.CactusKev.CSharp.csproj", "{424B1B34-0A7B-4F82-82FF-8C28807F6189}"
EndProject
Project("{8BC9CEB8-8B4A-11D0-8D11-00A0C91BC942}") = "XPokerEval.CactusKev.Test", "XPokerEval.CactusKev.Test\XPokerEval.CactusKev.Test.vcproj", "{344E7DCC-FA9F-492E-9899-B82D13B9FC1F}"
	ProjectSection(ProjectDependencies) = postProject
		{816F7B61-FD47-4B5D-B699-0A63C2189EEB} = {816F7B61-FD47-4B5D-B699-0A63C2189EEB}
	EndProjectSection
EndProject
Project("{8BC9CEB8-8B4A-11D0-8D11-00A0C91BC942}") = "XPokerEval.Test3", "XPokerEval.Test3\XPokerEval.Test3.vcproj", "{69FB5677-EBC7-4B45-9430-85429ADCF4B4}"
	ProjectSection(ProjectDependencies) = postProject
		{337EFD44-E690-462C-81FB-1183CA4016F6} = {337EFD44-E690-462C-81FB-1183CA4016F6}
		{A4DEF05E-E072-493E-B282-84731D60BCF0} = {A4DEF05E-E072-493E-B282-84731D60BCF0}
	EndProjectSection
EndProject
Project("{2150E333-8FDC-42A3-9474-1A3956D46DE8}") = "Solution Items", "Solution Items", "{BD553E28-5F27-4BFB-8C3E-C77789F42687}"
	ProjectSection(SolutionItems) = preProject
		ABOUT.TXT = ABOUT.TXT
	EndProjectSection
EndProject
Project("{8BC9CEB8-8B4A-11D0-8D11-00A0C91BC942}") = "XPokerEval.MoritzHammer", "XPokerEval.MoritzHammer\XPokerEval.MoritzHammer.vcproj", "{098110F8-525D-486B-93B5-F5413BED0638}"
EndProject
Project("{FAE04EC0-301F-11D3-BF4B-00C04F79EFBC}") = "XPokerEval.PokerSource.CSharp", "XPokerEval.PokerSource.CSharp\XPokerEval.PokerSource.CSharp.csproj", "{F8E7FA83-3E46-4447-A237-835F383AD287}"
EndProject
Project("{FAE04EC0-301F-11D3-BF4B-00C04F79EFBC}") = "XPokerEval.PokerSource.KeithRule", "XPokerEval.PokerSource.KeithRule\XPokerEval.PokerSource.KeithRule.csproj", "{FEFA990E-287A-443B-9FF5-093C3F81D815}"
EndProject
Project("{FAE04EC0-301F-11D3-BF4B-00C04F79EFBC}") = "XPokerEval.PokerSource.KeithRule.Test", "XPokerEval.PokerSource.KeithRule.Test\XPokerEval.PokerSource.KeithRule.Test.csproj", "{DA130267-DACA-4A88-B89B-0F72E5DAA9F6}"
EndProject
Project("{FAE04EC0-301F-11D3-BF4B-00C04F79EFBC}") = "XPokerEval.CactusKev.CSharp.Test", "XPokerEval.CactusKev.CSharp.Test\XPokerEval.CactusKev.CSharp.Test.csproj", "{016A4FF1-DA80-4D6C-948E-F477279DD152}"
EndProject
Project("{8BC9CEB8-8B4A-11D0-8D11-00A0C91BC942}") = "XPokerEval.MoritzHammer.Test", "XPokerEval.MoritzHammer.Test\XPokerEval.MoritzHammer.Test.vcproj", "{DEF4B919-AD28-484C-A51F-4B9E9BBBD84C}"
	ProjectSection(ProjectDependencies) = postProject
		{098110F8-525D-486B-93B5-F5413BED0638} = {098110F8-525D-486B-93B5-F5413BED0638}
	EndProjectSection
EndProject
Project("{8BC9CEB8-8B4A-11D0-8D11-00A0C91BC942}") = "XPokerEval.TwoPlusTwo", "XPokerEval.TwoPlusTwo\XPokerEval.TwoPlusTwo.vcproj", "{AFA5FDFD-1126-49BD-84FB-542D2C3AEBD4}"
	ProjectSection(ProjectDependencies) = postProject
		{17F2701D-D627-4385-86D5-59AFBB0DE31F} = {17F2701D-D627-4385-86D5-59AFBB0DE31F}
	EndProjectSection
EndProject
Project("{8BC9CEB8-8B4A-11D0-8D11-00A0C91BC942}") = "XPokerEval.CactusKev.PerfectHash", "XPokerEval.CactusKev.PerfectHash\XPokerEval.CactusKev.PerfectHash.vcproj", "{17F2701D-D627-4385-86D5-59AFBB0DE31F}"
	ProjectSection(ProjectDependencies) = postProject
		{337EFD44-E690-462C-81FB-1183CA4016F6} = {337EFD44-E690-462C-81FB-1183CA4016F6}
	EndProjectSection
EndProject
Project("{8BC9CEB8-8B4A-11D0-8D11-00A0C91BC942}") = "XPokerEval.RNG", "XPokerEval.RNG\XPokerEval.RNG.vcproj", "{337EFD44-E690-462C-81FB-1183CA4016F6}"
EndProject
Project("{8BC9CEB8-8B4A-11D0-8D11-00A0C91BC942}") = "XPokerEval.TwoPlusTwo.Test", "XPokerEval.TwoPlusTwo.Test\XPokerEval.TwoPlusTwo.Test.vcproj", "{0536175E-2D91-4F98-B83E-E0D73D96B3BF}"
EndProject
Project("{8BC9CEB8-8B4A-11D0-8D11-00A0C91BC942}") = "XPokerEval.CactusKev.PerfectHash.Test", "XPokerEval.CactusKev.PerfectHash.Test\XPokerEval.CactusKev.PerfectHash.Test.vcproj", "{BBD25E4C-D77F-41CA-A285-C04B85FF08DB}"
	ProjectSection(ProjectDependencies) = postProject
		{17F2701D-D627-4385-86D5-59AFBB0DE31F} = {17F2701D-D627-4385-86D5-59AFBB0DE31F}
	EndProjectSection
EndProject
Project("{8BC9CEB8-8B4A-11D0-8D11-00A0C91BC942}") = "XPokerEval.HoldemShowdown", "XPokerEval.HoldemShowdown\XPokerEval.HoldemShowdown.vcproj", "{74D1ACEE-8136-44E8-ACAC-9A28952A0008}"
EndProject
Project("{8BC9CEB8-8B4A-11D0-8D11-00A0C91BC942}") = "XPokerEval.PokerSource.Test", "XPokerEval.PokerSource.Test\XPokerEval.PokerSource.Test.vcproj", "{1AF109C1-F5C7-4ECA-B969-7C9E8E8C1B7A}"
	ProjectSection(ProjectDependencies) = postProject
		{A4DEF05E-E072-493E-B282-84731D60BCF0} = {A4DEF05E-E072-493E-B282-84731D60BCF0}
	EndProjectSection
EndProject
Project("{8BC9CEB8-8B4A-11D0-8D11-00A0C91BC942}") = "XPokerEval.PokerSim", "XPokerEval.PokerSim\XPokerEval.PokerSim.vcproj", "{74C4A296-7D15-440B-8C95-984DA53316EA}"
EndProject
Project("{8BC9CEB8-8B4A-11D0-8D11-00A0C91BC942}") = "XPokerEval.PokerSim.Test", "XPokerEval.PokerSim.Test\XPokerEval.PokerSim.Test.vcproj", "{EA274496-4E72-4366-91BD-6FF8D13DB75D}"
	ProjectSection(ProjectDependencies) = postProject
		{A4DEF05E-E072-493E-B282-84731D60BCF0} = {A4DEF05E-E072-493E-B282-84731D60BCF0}
		{74C4A296-7D15-440B-8C95-984DA53316EA} = {74C4A296-7D15-440B-8C95-984DA53316EA}
	EndProjectSection
EndProject
Project("{8BC9CEB8-8B4A-11D0-8D11-00A0C91BC942}") = "XPokerEval.PokerSource", "XPokerEval.Pokersource\poker-eval.vcproj", "{A4DEF05E-E072-493E-B282-84731D60BCF0}"
EndProject
Project("{8BC9CEB8-8B4A-11D0-8D11-00A0C91BC942}") = "XPokerEval.Senzee7", "XPokerEval.Senzee7\XPokerEval.Senzee7.vcproj", "{BC84E462-FE2C-49FA-9A1A-B7C10CCDF267}"
EndProject
Project("{8BC9CEB8-8B4A-11D0-8D11-00A0C91BC942}") = "XPokerEval.Senzee7.Test", "XPokerEval.Senzee7.Test\XPokerEval.Senzee7.Test.vcproj", "{517DC810-A7AD-41DE-901C-C37A4D95CCD8}"
	ProjectSection(ProjectDependencies) = postProject
		{17F2701D-D627-4385-86D5-59AFBB0DE31F} = {17F2701D-D627-4385-86D5-59AFBB0DE31F}
		{A4DEF05E-E072-493E-B282-84731D60BCF0} = {A4DEF05E-E072-493E-B282-84731D60BCF0}
		{BC84E462-FE2C-49FA-9A1A-B7C10CCDF267} = {BC84E462-FE2C-49FA-9A1A-B7C10CCDF267}
	EndProjectSection
EndProject
Global
	GlobalSection(SolutionConfigurationPlatforms) = preSolution
		Debug|Any CPU = Debug|Any CPU
		Debug|Mixed Platforms = Debug|Mixed Platforms
		Debug|Win32 = Debug|Win32
		profile|Any CPU = profile|Any CPU
		profile|Mixed Platforms = profile|Mixed Platforms
		profile|Win32 = profile|Win32
		Release|Any CPU = Release|Any CPU
		Release|Mixed Platforms = Release|Mixed Platforms
		Release|Win32 = Release|Win32
	EndGlobalSection
	GlobalSection(ProjectConfigurationPlatforms) = postSolution
		{816F7B61-FD47-4B5D-B699-0A63C2189EEB}.Debug|Any CPU.ActiveCfg = Debug|Win32
		{816F7B61-FD47-4B5D-B699-0A63C2189EEB}.Debug|Mixed Platforms.ActiveCfg = Debug|Win32
		{816F7B61-FD47-4B5D-B699-0A63C2189EEB}.Debug|Mixed Platforms.Build.0 = Debug|Win32
		{816F7B61-FD47-4B5D-B699-0A63C2189EEB}.Debug|Win32.ActiveCfg = Debug|Win32
		{816F7B61-FD47-4B5D-B699-0A63C2189EEB}.Debug|Win32.Build.0 = Debug|Win32
		{816F7B61-FD47-4B5D-B699-0A63C2189EEB}.profile|Any CPU.ActiveCfg = Release|Win32
		{816F7B61-FD47-4B5D-B699-0A63C2189EEB}.profile|Mixed Platforms.ActiveCfg = Release|Win32
		{816F7B61-FD47-4B5D-B699-0A63C2189EEB}.profile|Mixed Platforms.Build.0 = Release|Win32
		{816F7B61-FD47-4B5D-B699-0A63C2189EEB}.profile|Win32.ActiveCfg = Release|Win32
		{816F7B61-FD47-4B5D-B699-0A63C2189EEB}.profile|Win32.Build.0 = Release|Win32
		{816F7B61-FD47-4B5D-B699-0A63C2189EEB}.Release|Any CPU.ActiveCfg = Release|Win32
		{816F7B61-FD47-4B5D-B699-0A63C2189EEB}.Release|Mixed Platforms.ActiveCfg = Release|Win32
		{816F7B61-FD47-4B5D-B699-0A63C2189EEB}.Release|Mixed Platforms.Build.0 = Release|Win32
		{816F7B61-FD47-4B5D-B699-0A63C2189EEB}.Release|Win32.ActiveCfg = Release|Win32
		{816F7B61-FD47-4B5D-B699-0A63C2189EEB}.Release|Win32.Build.0 = Release|Win32
		{424B1B34-0A7B-4F82-82FF-8C28807F6189}.Debug|Any CPU.ActiveCfg = Debug|Any CPU
		{424B1B34-0A7B-4F82-82FF-8C28807F6189}.Debug|Any CPU.Build.0 = Debug|Any CPU
		{424B1B34-0A7B-4F82-82FF-8C28807F6189}.Debug|Mixed Platforms.ActiveCfg = Debug|Any CPU
		{424B1B34-0A7B-4F82-82FF-8C28807F6189}.Debug|Mixed Platforms.Build.0 = Debug|Any CPU
		{424B1B34-0A7B-4F82-82FF-8C28807F6189}.Debug|Win32.ActiveCfg = Debug|Any CPU
		{424B1B34-0A7B-4F82-82FF-8C28807F6189}.Debug|Win32.Build.0 = Debug|Any CPU
		{424B1B34-0A7B-4F82-82FF-8C28807F6189}.profile|Any CPU.ActiveCfg = Release|Any CPU
		{424B1B34-0A7B-4F82-82FF-8C28807F6189}.profile|Any CPU.Build.0 = Release|Any CPU
		{424B1B34-0A7B-4F82-82FF-8C28807F6189}.profile|Mixed Platforms.ActiveCfg = Release|Any CPU
		{424B1B34-0A7B-4F82-82FF-8C28807F6189}.profile|Mixed Platforms.Build.0 = Release|Any CPU
		{424B1B34-0A7B-4F82-82FF-8C28807F6189}.profile|Win32.ActiveCfg = Release|Any CPU
		{424B1B34-0A7B-4F82-82FF-8C28807F6189}.Release|Any CPU.ActiveCfg = Release|Any CPU
		{424B1B34-0A7B-4F82-82FF-8C28807F6189}.Release|Any CPU.Build.0 = Release|Any CPU
		{424B1B34-0A7B-4F82-82FF-8C28807F6189}.Release|Mixed Platforms.ActiveCfg = Release|Any CPU
		{424B1B34-0A7B-4F82-82FF-8C28807F6189}.Release|Mixed Platforms.Build.0 = Release|Any CPU
		{424B1B34-0A7B-4F82-82FF-8C28807F6189}.Release|Win32.ActiveCfg = Release|Any CPU
		{424B1B34-0A7B-4F82-82FF-8C28807F6189}.Release|Win32.Build.0 = Release|Any CPU
		{344E7DCC-FA9F-492E-9899-B82D13B9FC1F}.Debug|Any CPU.ActiveCfg = Debug|Win32
		{344E7DCC-FA9F-492E-9899-B82D13B9FC1F}.Debug|Mixed Platforms.ActiveCfg = Debug|Win32
		{344E7DCC-FA9F-492E-9899-B82D13B9FC1F}.Debug|Mixed Platforms.Build.0 = Debug|Win32
		{344E7DCC-FA9F-492E-9899-B82D13B9FC1F}.Debug|Win32.ActiveCfg = Debug|Win32
		{344E7DCC-FA9F-492E-9899-B82D13B9FC1F}.Debug|Win32.Build.0 = Debug|Win32
		{344E7DCC-FA9F-492E-9899-B82D13B9FC1F}.profile|Any CPU.ActiveCfg = Release|Win32
		{344E7DCC-FA9F-492E-9899-B82D13B9FC1F}.profile|Mixed Platforms.ActiveCfg = Release|Win32
		{344E7DCC-FA9F-492E-9899-B82D13B9FC1F}.profile|Mixed Platforms.Build.0 = Release|Win32
		{344E7DCC-FA9F-492E-9899-B82D13B9FC1F}.profile|Win32.ActiveCfg = Release|Win32
		{344E7DCC-FA9F-492E-9899-B82D13B9FC1F}.profile|Win32.Build.0 = Release|Win32
		{344E7DCC-FA9F-492E-9899-B82D13B9FC1F}.Release|Any CPU.ActiveCfg = Release|Win32
		{344E7DCC-FA9F-492E-9899-B82D13B9FC1F}.Release|Mixed Platforms.ActiveCfg = Release|Win32
		{344E7DCC-FA9F-492E-9899-B82D13B9FC1F}.Release|Mixed Platforms.Build.0 = Release|Win32
		{344E7DCC-FA9F-492E-9899-B82D13B9FC1F}.Release|Win32.ActiveCfg = Release|Win32
		{344E7DCC-FA9F-492E-9899-B82D13B9FC1F}.Release|Win32.Build.0 = Release|Win32
		{69FB5677-EBC7-4B45-9430-85429ADCF4B4}.Debug|Any CPU.ActiveCfg = Debug|Win32
		{69FB5677-EBC7-4B45-9430-85429ADCF4B4}.Debug|Mixed Platforms.ActiveCfg = Debug|Win32
		{69FB5677-EBC7-4B45-9430-85429ADCF4B4}.Debug|Mixed Platforms.Build.0 = Debug|Win32
		{69FB5677-EBC7-4B45-9430-85429ADCF4B4}.Debug|Win32.ActiveCfg = Debug|Win32
		{69FB5677-EBC7-4B45-9430-85429ADCF4B4}.Debug|Win32.Build.0 = Debug|Win32
		{69FB5677-EBC7-4B45-9430-85429ADCF4B4}.profile|Any CPU.ActiveCfg = Release|Win32
		{69FB5677-EBC7-4B45-9430-85429ADCF4B4}.profile|Mixed Platforms.ActiveCfg = Release|Win32
		{69FB5677-EBC7-4B45-9430-85429ADCF4B4}.profile|Mixed Platforms.Build.0 = Release|Win32
		{69FB5677-EBC7-4B45-9430-85429ADCF4B4}.profile|Win32.ActiveCfg = Release|Win32
		{69FB5677-EBC7-4B45-9430-85429ADCF4B4}.profile|Win32.Build.0 = Release|Win32
		{69FB5677-EBC7-4B45-9430-85429ADCF4B4}.Release|Any CPU.ActiveCfg = Release|Win32
		{69FB5677-EBC7-4B45-9430-85429ADCF4B4}.Release|Mixed Platforms.ActiveCfg = Release|Win32
		{69FB5677-EBC7-4B45-9430-85429ADCF4B4}.Release|Mixed Platforms.Build.0 = Release|Win32
		{69FB5677-EBC7-4B45-9430-85429ADCF4B4}.Release|Win32.ActiveCfg = Release|Win32
		{69FB5677-EBC7-4B45-9430-85429ADCF4B4}.Release|Win32.Build.0 = Release|Win32
		{098110F8-525D-486B-93B5-F5413BED0638}.Debug|Any CPU.ActiveCfg = Debug|Win32
		{098110F8-525D-486B-93B5-F5413BED0638}.Debug|Mixed Platforms.ActiveCfg = Debug|Win32
		{098110F8-525D-486B-93B5-F5413BED0638}.Debug|Mixed Platforms.Build.0 = Debug|Win32
		{098110F8-525D-486B-93B5-F5413BED0638}.Debug|Win32.ActiveCfg = Debug|Win32
		{098110F8-525D-486B-93B5-F5413BED0638}.Debug|Win32.Build.0 = Debug|Win32
		{098110F8-525D-486B-93B5-F5413BED0638}.profile|Any CPU.ActiveCfg = Release|Win32
		{098110F8-525D-486B-93B5-F5413BED0638}.profile|Mixed Platforms.ActiveCfg = Release|Win32
		{098110F8-525D-486B-93B5-F5413BED0638}.profile|Mixed Platforms.Build.0 = Release|Win32
		{098110F8-525D-486B-93B5-F5413BED0638}.profile|Win32.ActiveCfg = Release|Win32
		{098110F8-525D-486B-93B5-F5413BED0638}.profile|Win32.Build.0 = Release|Win32
		{098110F8-525D-486B-93B5-F5413BED0638}.Release|Any CPU.ActiveCfg = Release|Win32
		{098110F8-525D-486B-93B5-F5413BED0638}.Release|Mixed Platforms.ActiveCfg = Release|Win32
		{098110F8-525D-486B-93B5-F5413BED0638}.Release|Mixed Platforms.Build.0 = Release|Win32
		{098110F8-525D-486B-93B5-F5413BED0638}.Release|Win32.ActiveCfg = Release|Win32
		{098110F8-525D-486B-93B5-F5413BED0638}.Release|Win32.Build.0 = Release|Win32
		{F8E7FA83-3E46-4447-A237-835F383AD287}.Debug|Any CPU.ActiveCfg = Debug|Any CPU
		{F8E7FA83-3E46-4447-A237-835F383AD287}.Debug|Any CPU.Build.0 = Debug|Any CPU
		{F8E7FA83-3E46-4447-A237-835F383AD287}.Debug|Mixed Platforms.ActiveCfg = Debug|Any CPU
		{F8E7FA83-3E46-4447-A237-835F383AD287}.Debug|Mixed Platforms.Build.0 = Debug|Any CPU
		{F8E7FA83-3E46-4447-A237-835F383AD287}.Debug|Win32.ActiveCfg = Debug|Any CPU
		{F8E7FA83-3E46-4447-A237-835F383AD287}.Debug|Win32.Build.0 = Debug|Any CPU
		{F8E7FA83-3E46-4447-A237-835F383AD287}.profile|Any CPU.ActiveCfg = Release|Any CPU
		{F8E7FA83-3E46-4447-A237-835F383AD287}.profile|Any CPU.Build.0 = Release|Any CPU
		{F8E7FA83-3E46-4447-A237-835F383AD287}.profile|Mixed Platforms.ActiveCfg = Release|Any CPU
		{F8E7FA83-3E46-4447-A237-835F383AD287}.profile|Mixed Platforms.Build.0 = Release|Any CPU
		{F8E7FA83-3E46-4447-A237-835F383AD287}.profile|Win32.ActiveCfg = Release|Any CPU
		{F8E7FA83-3E46-4447-A237-835F383AD287}.Release|Any CPU.ActiveCfg = Release|Any CPU
		{F8E7FA83-3E46-4447-A237-835F383AD287}.Release|Any CPU.Build.0 = Release|Any CPU
		{F8E7FA83-3E46-4447-A237-835F383AD287}.Release|Mixed Platforms.ActiveCfg = Release|Any CPU
		{F8E7FA83-3E46-4447-A237-835F383AD287}.Release|Mixed Platforms.Build.0 = Release|Any CPU
		{F8E7FA83-3E46-4447-A237-835F383AD287}.Release|Win32.ActiveCfg = Release|Any CPU
		{F8E7FA83-3E46-4447-A237-835F383AD287}.Release|Win32.Build.0 = Release|Any CPU
		{FEFA990E-287A-443B-9FF5-093C3F81D815}.Debug|Any CPU.ActiveCfg = Debug|Any CPU
		{FEFA990E-287A-443B-9FF5-093C3F81D815}.Debug|Any CPU.Build.0 = Debug|Any CPU
		{FEFA990E-287A-443B-9FF5-093C3F81D815}.Debug|Mixed Platforms.ActiveCfg = Debug|Any CPU
		{FEFA990E-287A-443B-9FF5-093C3F81D815}.Debug|Mixed Platforms.Build.0 = Debug|Any CPU
		{FEFA990E-287A-443B-9FF5-093C3F81D815}.Debug|Win32.ActiveCfg = Debug|Any CPU
		{FEFA990E-287A-443B-9FF5-093C3F81D815}.Debug|Win32.Build.0 = Debug|Any CPU
		{FEFA990E-287A-443B-9FF5-093C3F81D815}.profile|Any CPU.ActiveCfg = Release|Any CPU
		{FEFA990E-287A-443B-9FF5-093C3F81D815}.profile|Any CPU.Build.0 = Release|Any CPU
		{FEFA990E-287A-443B-9FF5-093C3F81D815}.profile|Mixed Platforms.ActiveCfg = Release|Any CPU
		{FEFA990E-287A-443B-9FF5-093C3F81D815}.profile|Mixed Platforms.Build.0 = Release|Any CPU
		{FEFA990E-287A-443B-9FF5-093C3F81D815}.profile|Win32.ActiveCfg = Release|Any CPU
		{FEFA990E-287A-443B-9FF5-093C3F81D815}.Release|Any CPU.ActiveCfg = Release|Any CPU
		{FEFA990E-287A-443B-9FF5-093C3F81D815}.Release|Any CPU.Build.0 = Release|Any CPU
		{FEFA990E-287A-443B-9FF5-093C3F81D815}.Release|Mixed Platforms.ActiveCfg = Release|Any CPU
		{FEFA990E-287A-443B-9FF5-093C3F81D815}.Release|Mixed Platforms.Build.0 = Release|Any CPU
		{FEFA990E-287A-443B-9FF5-093C3F81D815}.Release|Win32.ActiveCfg = Release|Any CPU
		{FEFA990E-287A-443B-9FF5-093C3F81D815}.Release|Win32.Build.0 = Release|Any CPU
		{DA130267-DACA-4A88-B89B-0F72E5DAA9F6}.Debug|Any CPU.ActiveCfg = Debug|Any CPU
		{DA130267-DACA-4A88-B89B-0F72E5DAA9F6}.Debug|Any CPU.Build.0 = Debug|Any CPU
		{DA130267-DACA-4A88-B89B-0F72E5DAA9F6}.Debug|Mixed Platforms.ActiveCfg = Debug|Any CPU
		{DA130267-DACA-4A88-B89B-0F72E5DAA9F6}.Debug|Mixed Platforms.Build.0 = Debug|Any CPU
		{DA130267-DACA-4A88-B89B-0F72E5DAA9F6}.Debug|Win32.ActiveCfg = Debug|Any CPU
		{DA130267-DACA-4A88-B89B-0F72E5DAA9F6}.Debug|Win32.Build.0 = Debug|Any CPU
		{DA130267-DACA-4A88-B89B-0F72E5DAA9F6}.profile|Any CPU.ActiveCfg = Release|Any CPU
		{DA130267-DACA-4A88-B89B-0F72E5DAA9F6}.profile|Any CPU.Build.0 = Release|Any CPU
		{DA130267-DACA-4A88-B89B-0F72E5DAA9F6}.profile|Mixed Platforms.ActiveCfg = Release|Any CPU
		{DA130267-DACA-4A88-B89B-0F72E5DAA9F6}.profile|Mixed Platforms.Build.0 = Release|Any CPU
		{DA130267-DACA-4A88-B89B-0F72E5DAA9F6}.profile|Win32.ActiveCfg = Release|Any CPU
		{DA130267-DACA-4A88-B89B-0F72E5DAA9F6}.Release|Any CPU.ActiveCfg = Release|Any CPU
		{DA130267-DACA-4A88-B89B-0F72E5DAA9F6}.Release|Any CPU.Build.0 = Release|Any CPU
		{DA130267-DACA-4A88-B89B-0F72E5DAA9F6}.Release|Mixed Platforms.ActiveCfg = Release|Any CPU
		{DA130267-DACA-4A88-B89B-0F72E5DAA9F6}.Release|Mixed Platforms.Build.0 = Release|Any CPU
		{DA130267-DACA-4A88-B89B-0F72E5DAA9F6}.Release|Win32.ActiveCfg = Release|Any CPU
		{DA130267-DACA-4A88-B89B-0F72E5DAA9F6}.Release|Win32.Build.0 = Release|Any CPU
		{016A4FF1-DA80-4D6C-948E-F477279DD152}.Debug|Any CPU.ActiveCfg = Debug|Any CPU
		{016A4FF1-DA80-4D6C-948E-F477279DD152}.Debug|Any CPU.Build.0 = Debug|Any CPU
		{016A4FF1-DA80-4D6C-948E-F477279DD152}.Debug|Mixed Platforms.ActiveCfg = Debug|Any CPU
		{016A4FF1-DA80-4D6C-948E-F477279DD152}.Debug|Mixed Platforms.Build.0 = Debug|Any CPU
		{016A4FF1-DA80-4D6C-948E-F477279DD152}.Debug|Win32.ActiveCfg = Debug|Any CPU
		{016A4FF1-DA80-4D6C-948E-F477279DD152}.Debug|Win32.Build.0 = Debug|Any CPU
		{016A4FF1-DA80-4D6C-948E-F477279DD152}.profile|Any CPU.ActiveCfg = Release|Any CPU
		{016A4FF1-DA80-4D6C-948E-F477279DD152}.profile|Any CPU.Build.0 = Release|Any CPU
		{016A4FF1-DA80-4D6C-948E-F477279DD152}.profile|Mixed Platforms.ActiveCfg = Release|Any CPU
		{016A4FF1-DA80-4D6C-948E-F477279DD152}.profile|Mixed Platforms.Build.0 = Release|Any CPU
		{016A4FF1-DA80-4D6C-948E-F477279DD152}.profile|Win32.ActiveCfg = Release|Any CPU
		{016A4FF1-DA80-4D6C-948E-F477279DD152}.Release|Any CPU.ActiveCfg = Release|Any CPU
		{016A4FF1-DA80-4D6C-948E-F477279DD152}.Release|Any CPU.Build.0 = Release|Any CPU
		{016A4FF1-DA80-4D6C-948E-F477279DD152}.Release|Mixed Platforms.ActiveCfg = Release|Any CPU
		{016A4FF1-DA80-4D6C-948E-F477279DD152}.Release|Mixed Platforms.Build.0 = Release|Any CPU
		{016A4FF1-DA80-4D6C-948E-F477279DD152}.Release|Win32.ActiveCfg = Release|Any CPU
		{016A4FF1-DA80-4D6C-948E-F477279DD152}.Release|Win32.Build.0 = Release|Any CPU
		{DEF4B919-AD28-484C-A51F-4B9E9BBBD84C}.Debug|Any CPU.ActiveCfg = Debug|Win32
		{DEF4B919-AD28-484C-A51F-4B9E9BBBD84C}.Debug|Mixed Platforms.ActiveCfg = Debug|Win32
		{DEF4B919-AD28-484C-A51F-4B9E9BBBD84C}.Debug|Mixed Platforms.Build.0 = Debug|Win32
		{DEF4B919-AD28-484C-A51F-4B9E9BBBD84C}.Debug|Win32.ActiveCfg = Debug|Win32
		{DEF4B919-AD28-484C-A51F-4B9E9BBBD84C}.Debug|Win32.Build.0 = Debug|Win32
		{DEF4B919-AD28-484C-A51F-4B9E9BBBD84C}.profile|Any CPU.ActiveCfg = Release|Win32
		{DEF4B919-AD28-484C-A51F-4B9E9BBBD84C}.profile|Mixed Platforms.ActiveCfg = Release|Win32
		{DEF4B919-AD28-484C-A51F-4B9E9BBBD84C}.profile|Mixed Platforms.Build.0 = Release|Win32
		{DEF4B919-AD28-484C-A51F-4B9E9BBBD84C}.profile|Win32.ActiveCfg = Release|Win32
		{DEF4B919-AD28-484C-A51F-4B9E9BBBD84C}.profile|Win32.Build.0 = Release|Win32
		{DEF4B919-AD28-484C-A51F-4B9E9BBBD84C}.Release|Any CPU.ActiveCfg = Release|Win32
		{DEF4B919-AD28-484C-A51F-4B9E9BBBD84C}.Release|Mixed Platforms.ActiveCfg = Release|Win32
		{DEF4B919-AD28-484C-A51F-4B9E9BBBD84C}.Release|Mixed Platforms.Build.0 = Release|Win32
		{DEF4B919-AD28-484C-A51F-4B9E9BBBD84C}.Release|Win32.ActiveCfg = Release|Win32
		{DEF4B919-AD28-484C-A51F-4B9E9BBBD84C}.Release|Win32.Build.0 = Release|Win32
		{AFA5FDFD-1126-49BD-84FB-542D2C3AEBD4}.Debug|Any CPU.ActiveCfg = Debug|Win32
		{AFA5FDFD-1126-49BD-84FB-542D2C3AEBD4}.Debug|Mixed Platforms.ActiveCfg = Debug|Win32
		{AFA5FDFD-1126-49BD-84FB-542D2C3AEBD4}.Debug|Mixed Platforms.Build.0 = Debug|Win32
		{AFA5FDFD-1126-49BD-84FB-542D2C3AEBD4}.Debug|Win32.ActiveCfg = Debug|Win32
		{AFA5FDFD-1126-49BD-84FB-542D2C3AEBD4}.Debug|Win32.Build.0 = Debug|Win32
		{AFA5FDFD-1126-49BD-84FB-542D2C3AEBD4}.profile|Any CPU.ActiveCfg = Release|Win32
		{AFA5FDFD-1126-49BD-84FB-542D2C3AEBD4}.profile|Mixed Platforms.ActiveCfg = Release|Win32
		{AFA5FDFD-1126-49BD-84FB-542D2C3AEBD4}.profile|Mixed Platforms.Build.0 = Release|Win32
		{AFA5FDFD-1126-49BD-84FB-542D2C3AEBD4}.profile|Win32.ActiveCfg = Release|Win32
		{AFA5FDFD-1126-49BD-84FB-542D2C3AEBD4}.profile|Win32.Build.0 = Release|Win32
		{AFA5FDFD-1126-49BD-84FB-542D2C3AEBD4}.Release|Any CPU.ActiveCfg = Release|Win32
		{AFA5FDFD-1126-49BD-84FB-542D2C3AEBD4}.Release|Mixed Platforms.ActiveCfg = Release|Win32
		{AFA5FDFD-1126-49BD-84FB-542D2C3AEBD4}.Release|Mixed Platforms.Build.0 = Release|Win32
		{AFA5FDFD-1126-49BD-84FB-542D2C3AEBD4}.Release|Win32.ActiveCfg = Release|Win32
		{AFA5FDFD-1126-49BD-84FB-542D2C3AEBD4}.Release|Win32.Build.0 = Release|Win32
		{17F2701D-D627-4385-86D5-59AFBB0DE31F}.Debug|Any CPU.ActiveCfg = Debug|Win32
		{17F2701D-D627-4385-86D5-59AFBB0DE31F}.Debug|Mixed Platforms.ActiveCfg = Debug|Win32
		{17F2701D-D627-4385-86D5-59AFBB0DE31F}.Debug|Mixed Platforms.Build.0 = Debug|Win32
		{17F2701D-D627-4385-86D5-59AFBB0DE31F}.Debug|Win32.ActiveCfg = Debug|Win32
		{17F2701D-D627-4385-86D5-59AFBB0DE31F}.Debug|Win32.Build.0 = Debug|Win32
		{17F2701D-D627-4385-86D5-59AFBB0DE31F}.profile|Any CPU.ActiveCfg = Release|Win32
		{17F2701D-D627-4385-86D5-59AFBB0DE31F}.profile|Mixed Platforms.ActiveCfg = Release|Win32
		{17F2701D-D627-4385-86D5-59AFBB0DE31F}.profile|Mixed Platforms.Build.0 = Release|Win32
		{17F2701D-D627-4385-86D5-59AFBB0DE31F}.profile|Win32.ActiveCfg = Release|Win32
		{17F2701D-D627-4385-86D5-59AFBB0DE31F}.profile|Win32.Build.0 = Release|Win32
		{17F2701D-D627-4385-86D5-59AFBB0DE31F}.Release|Any CPU.ActiveCfg = Release|Win32
		{17F2701D-D627-4385-86D5-59AFBB0DE31F}.Release|Mixed Platforms.ActiveCfg = Release|Win32
		{17F2701D-D627-4385-86D5-59AFBB0DE31F}.Release|Mixed Platforms.Build.0 = Release|Win32
		{17F2701D-D627-4385-86D5-59AFBB0DE31F}.Release|Win32.ActiveCfg = Release|Win32
		{17F2701D-D627-4385-86D5-59AFBB0DE31F}.Release|Win32.Build.0 = Release|Win32
		{337EFD44-E690-462C-81FB-1183CA4016F6}.Debug|Any CPU.ActiveCfg = Debug|Win32
		{337EFD44-E690-462C-81FB-1183CA4016F6}.Debug|Mixed Platforms.ActiveCfg = Debug|Win32
		{337EFD44-E690-462C-81FB-1183CA4016F6}.Debug|Mixed Platforms.Build.0 = Debug|Win32
		{337EFD44-E690-462C-81FB-1183CA4016F6}.Debug|Win32.ActiveCfg = Debug|Win32
		{337EFD44-E690-462C-81FB-1183CA4016F6}.Debug|Win32.Build.0 = Debug|Win32
		{337EFD44-E690-462C-81FB-1183CA4016F6}.profile|Any CPU.ActiveCfg = Release|Win32
		{337EFD44-E690-462C-81FB-1183CA4016F6}.profile|Mixed Platforms.ActiveCfg = Release|Win32
		{337EFD44-E690-462C-81FB-1183CA4016F6}.profile|Mixed Platforms.Build.0 = Release|Win32
		{337EFD44-E690-462C-81FB-1183CA4016F6}.profile|Win32.ActiveCfg = Release|Win32
		{337EFD44-E690-462C-81FB-1183CA4016F6}.profile|Win32.Build.0 = Release|Win32
		{337EFD44-E690-462C-81FB-1183CA4016F6}.Release|Any CPU.ActiveCfg = Release|Win32
		{337EFD44-E690-462C-81FB-1183CA4016F6}.Release|Mixed Platforms.ActiveCfg = Release|Win32
		{337EFD44-E690-462C-81FB-1183CA4016F6}.Release|Mixed Platforms.Build.0 = Release|Win32
		{337EFD44-E690-462C-81FB-1183CA4016F6}.Release|Win32.ActiveCfg = Release|Win32
		{337EFD44-E690-462C-81FB-1183CA4016F6}.Release|Win32.Build.0 = Release|Win32
		{0536175E-2D91-4F98-B83E-E0D73D96B3BF}.Debug|Any CPU.ActiveCfg = Debug|Win32
		{0536175E-2D91-4F98-B83E-E0D73D96B3BF}.Debug|Mixed Platforms.ActiveCfg = Debug|Win32
		{0536175E-2D91-4F98-B83E-E0D73D96B3BF}.Debug|Mixed Platforms.Build.0 = Debug|Win32
		{0536175E-2D91-4F98-B83E-E0D73D96B3BF}.Debug|Win32.ActiveCfg = Debug|Win32
		{0536175E-2D91-4F98-B83E-E0D73D96B3BF}.Debug|Win32.Build.0 = Debug|Win32
		{0536175E-2D91-4F98-B83E-E0D73D96B3BF}.profile|Any CPU.ActiveCfg = Release|Win32
		{0536175E-2D91-4F98-B83E-E0D73D96B3BF}.profile|Mixed Platforms.ActiveCfg = Release|Win32
		{0536175E-2D91-4F98-B83E-E0D73D96B3BF}.profile|Mixed Platforms.Build.0 = Release|Win32
		{0536175E-2D91-4F98-B83E-E0D73D96B3BF}.profile|Win32.ActiveCfg = Release|Win32
		{0536175E-2D91-4F98-B83E-E0D73D96B3BF}.profile|Win32.Build.0 = Release|Win32
		{0536175E-2D91-4F98-B83E-E0D73D96B3BF}.Release|Any CPU.ActiveCfg = Release|Win32
		{0536175E-2D91-4F98-B83E-E0D73D96B3BF}.Release|Mixed Platforms.ActiveCfg = Release|Win32
		{0536175E-2D91-4F98-B83E-E0D73D96B3BF}.Release|Mixed Platforms.Build.0 = Release|Win32
		{0536175E-2D91-4F98-B83E-E0D73D96B3BF}.Release|Win32.ActiveCfg = Release|Win32
		{0536175E-2D91-4F98-B83E-E0D73D96B3BF}.Release|Win32.Build.0 = Release|Win32
		{BBD25E4C-D77F-41CA-A285-C04B85FF08DB}.Debug|Any CPU.ActiveCfg = Debug|Win32
		{BBD25E4C-D77F-41CA-A285-C04B85FF08DB}.Debug|Mixed Platforms.ActiveCfg = Debug|Win32
		{BBD25E4C-D77F-41CA-A285-C04B85FF08DB}.Debug|Mixed Platforms.Build.0 = Debug|Win32
		{BBD25E4C-D77F-41CA-A285-C04B85FF08DB}.Debug|Win32.ActiveCfg = Debug|Win32
		{BBD25E4C-D77F-41CA-A285-C04B85FF08DB}.Debug|Win32.Build.0 = Debug|Win32
		{BBD25E4C-D77F-41CA-A285-C04B85FF08DB}.profile|Any CPU.ActiveCfg = Release|Win32
		{BBD25E4C-D77F-41CA-A285-C04B85FF08DB}.profile|Mixed Platforms.ActiveCfg = Release|Win32
		{BBD25E4C-D77F-41CA-A285-C04B85FF08DB}.profile|Mixed Platforms.Build.0 = Release|Win32
		{BBD25E4C-D77F-41CA-A285-C04B85FF08DB}.profile|Win32.ActiveCfg = Release|Win32
		{BBD25E4C-D77F-41CA-A285-C04B85FF08DB}.profile|Win32.Build.0 = Release|Win32
		{BBD25E4C-D77F-41CA-A285-C04B85FF08DB}.Release|Any CPU.ActiveCfg = Release|Win32
		{BBD25E4C-D77F-41CA-A285-C04B85FF08DB}.Release|Mixed Platforms.ActiveCfg = Release|Win32
		{BBD25E4C-D77F-41CA-A285-C04B85FF08DB}.Release|Mixed Platforms.Build.0 = Release|Win32
		{BBD25E4C-D77F-41CA-A285-C04B85FF08DB}.Release|Win32.ActiveCfg = Release|Win32
		{BBD25E4C-D77F-41CA-A285-C04B85FF08DB}.Release|Win32.Build.0 = Release|Win32
		{74D1ACEE-8136-44E8-ACAC-9A28952A0008}.Debug|Any CPU.ActiveCfg = Debug|Win32
		{74D1ACEE-8136-44E8-ACAC-9A28952A0008}.Debug|Mixed Platforms.ActiveCfg = Debug|Win32
		{74D1ACEE-8136-44E8-ACAC-9A28952A0008}.Debug|Mixed Platforms.Build.0 = Debug|Win32
		{74D1ACEE-8136-44E8-ACAC-9A28952A0008}.Debug|Win32.ActiveCfg = Debug|Win32
		{74D1ACEE-8136-44E8-ACAC-9A28952A0008}.Debug|Win32.Build.0 = Debug|Win32
		{74D1ACEE-8136-44E8-ACAC-9A28952A0008}.profile|Any CPU.ActiveCfg = Release|Win32
		{74D1ACEE-8136-44E8-ACAC-9A28952A0008}.profile|Mixed Platforms.ActiveCfg = Release|Win32
		{74D1ACEE-8136-44E8-ACAC-9A28952A0008}.profile|Mixed Platforms.Build.0 = Release|Win32
		{74D1ACEE-8136-44E8-ACAC-9A28952A0008}.profile|Win32.ActiveCfg = Release|Win32
		{74D1ACEE-8136-44E8-ACAC-9A28952A0008}.profile|Win32.Build.0 = Release|Win32
		{74D1ACEE-8136-44E8-ACAC-9A28952A0008}.Release|Any CPU.ActiveCfg = Release|Win32
		{74D1ACEE-8136-44E8-ACAC-9A28952A0008}.Release|Mixed Platforms.ActiveCfg = Release|Win32
		{74D1ACEE-8136-44E8-ACAC-9A28952A0008}.Release|Mixed Platforms.Build.0 = Release|Win32
		{74D1ACEE-8136-44E8-ACAC-9A28952A0008}.Release|Win32.ActiveCfg = Release|Win32
		{74D1ACEE-8136-44E8-ACAC-9A28952A0008}.Release|Win32.Build.0 = Release|Win32
		{1AF109C1-F5C7-4ECA-B969-7C9E8E8C1B7A}.Debug|Any CPU.ActiveCfg = Debug|Win32
		{1AF109C1-F5C7-4ECA-B969-7C9E8E8C1B7A}.Debug|Mixed Platforms.ActiveCfg = Debug|Win32
		{1AF109C1-F5C7-4ECA-B969-7C9E8E8C1B7A}.Debug|Mixed Platforms.Build.0 = Debug|Win32
		{1AF109C1-F5C7-4ECA-B969-7C9E8E8C1B7A}.Debug|Win32.ActiveCfg = Debug|Win32
		{1AF109C1-F5C7-4ECA-B969-7C9E8E8C1B7A}.Debug|Win32.Build.0 = Debug|Win32
		{1AF109C1-F5C7-4ECA-B969-7C9E8E8C1B7A}.profile|Any CPU.ActiveCfg = Release|Win32
		{1AF109C1-F5C7-4ECA-B969-7C9E8E8C1B7A}.profile|Mixed Platforms.ActiveCfg = Release|Win32
		{1AF109C1-F5C7-4ECA-B969-7C9E8E8C1B7A}.profile|Mixed Platforms.Build.0 = Release|Win32
		{1AF109C1-F5C7-4ECA-B969-7C9E8E8C1B7A}.profile|Win32.ActiveCfg = Release|Win32
		{1AF109C1-F5C7-4ECA-B969-7C9E8E8C1B7A}.profile|Win32.Build.0 = Release|Win32
		{1AF109C1-F5C7-4ECA-B969-7C9E8E8C1B7A}.Release|Any CPU.ActiveCfg = Release|Win32
		{1AF109C1-F5C7-4ECA-B969-7C9E8E8C1B7A}.Release|Mixed Platforms.ActiveCfg = Release|Win32
		{1AF109C1-F5C7-4ECA-B969-7C9E8E8C1B7A}.Release|Mixed Platforms.Build.0 = Release|Win32
		{1AF109C1-F5C7-4ECA-B969-7C9E8E8C1B7A}.Release|Win32.ActiveCfg = Release|Win32
		{1AF109C1-F5C7-4ECA-B969-7C9E8E8C1B7A}.Release|Win32.Build.0 = Release|Win32
		{74C4A296-7D15-440B-8C95-984DA53316EA}.Debug|Any CPU.ActiveCfg = Debug|Win32
		{74C4A296-7D15-440B-8C95-984DA53316EA}.Debug|Mixed Platforms.ActiveCfg = Debug|Win32
		{74C4A296-7D15-440B-8C95-984DA53316EA}.Debug|Mixed Platforms.Build.0 = Debug|Win32
		{74C4A296-7D15-440B-8C95-984DA53316EA}.Debug|Win32.ActiveCfg = Debug|Win32
		{74C4A296-7D15-440B-8C95-984DA53316EA}.Debug|Win32.Build.0 = Debug|Win32
		{74C4A296-7D15-440B-8C95-984DA53316EA}.profile|Any CPU.ActiveCfg = Release|Win32
		{74C4A296-7D15-440B-8C95-984DA53316EA}.profile|Mixed Platforms.ActiveCfg = Release|Win32
		{74C4A296-7D15-440B-8C95-984DA53316EA}.profile|Mixed Platforms.Build.0 = Release|Win32
		{74C4A296-7D15-440B-8C95-984DA53316EA}.profile|Win32.ActiveCfg = Release|Win32
		{74C4A296-7D15-440B-8C95-984DA53316EA}.profile|Win32.Build.0 = Release|Win32
		{74C4A296-7D15-440B-8C95-984DA53316EA}.Release|Any CPU.ActiveCfg = Release|Win32
		{74C4A296-7D15-440B-8C95-984DA53316EA}.Release|Mixed Platforms.ActiveCfg = Release|Win32
		{74C4A296-7D15-440B-8C95-984DA53316EA}.Release|Mixed Platforms.Build.0 = Release|Win32
		{74C4A296-7D15-440B-8C95-984DA53316EA}.Release|Win32.ActiveCfg = Release|Win32
		{74C4A296-7D15-440B-8C95-984DA53316EA}.Release|Win32.Build.0 = Release|Win32
		{EA274496-4E72-4366-91BD-6FF8D13DB75D}.Debug|Any CPU.ActiveCfg = Debug|Win32
		{EA274496-4E72-4366-91BD-6FF8D13DB75D}.Debug|Mixed Platforms.ActiveCfg = Debug|Win32
		{EA274496-4E72-4366-91BD-6FF8D13DB75D}.Debug|Mixed Platforms.Build.0 = Debug|Win32
		{EA274496-4E72-4366-91BD-6FF8D13DB75D}.Debug|Win32.ActiveCfg = Debug|Win32
		{EA274496-4E72-4366-91BD-6FF8D13DB75D}.Debug|Win32.Build.0 = Debug|Win32
		{EA274496-4E72-4366-91BD-6FF8D13DB75D}.profile|Any CPU.ActiveCfg = Release|Win32
		{EA274496-4E72-4366-91BD-6FF8D13DB75D}.profile|Mixed Platforms.ActiveCfg = Release|Win32
		{EA274496-4E72-4366-91BD-6FF8D13DB75D}.profile|Mixed Platforms.Build.0 = Release|Win32
		{EA274496-4E72-4366-91BD-6FF8D13DB75D}.profile|Win32.ActiveCfg = Release|Win32
		{EA274496-4E72-4366-91BD-6FF8D13DB75D}.profile|Win32.Build.0 = Release|Win32
		{EA274496-4E72-4366-91BD-6FF8D13DB75D}.Release|Any CPU.ActiveCfg = Release|Win32
		{EA274496-4E72-4366-91BD-6FF8D13DB75D}.Release|Mixed Platforms.ActiveCfg = Release|Win32
		{EA274496-4E72-4366-91BD-6FF8D13DB75D}.Release|Mixed Platforms.Build.0 = Release|Win32
		{EA274496-4E72-4366-91BD-6FF8D13DB75D}.Release|Win32.ActiveCfg = Release|Win32
		{EA274496-4E72-4366-91BD-6FF8D13DB75D}.Release|Win32.Build.0 = Release|Win32
		{A4DEF05E-E072-493E-B282-84731D60BCF0}.Debug|Any CPU.ActiveCfg = Debug|Win32
		{A4DEF05E-E072-493E-B282-84731D60BCF0}.Debug|Mixed Platforms.ActiveCfg = Debug|Win32
		{A4DEF05E-E072-493E-B282-84731D60BCF0}.Debug|Mixed Platforms.Build.0 = Debug|Win32
		{A4DEF05E-E072-493E-B282-84731D60BCF0}.Debug|Win32.ActiveCfg = Debug|Win32
		{A4DEF05E-E072-493E-B282-84731D60BCF0}.Debug|Win32.Build.0 = Debug|Win32
		{A4DEF05E-E072-493E-B282-84731D60BCF0}.profile|Any CPU.ActiveCfg = profile|Win32
		{A4DEF05E-E072-493E-B282-84731D60BCF0}.profile|Mixed Platforms.ActiveCfg = profile|Win32
		{A4DEF05E-E072-493E-B282-84731D60BCF0}.profile|Mixed Platforms.Build.0 = profile|Win32
		{A4DEF05E-E072-493E-B282-84731D60BCF0}.profile|Win32.ActiveCfg = profile|Win32
		{A4DEF05E-E072-493E-B282-84731D60BCF0}.profile|Win32.Build.0 = profile|Win32
		{A4DEF05E-E072-493E-B282-84731D60BCF0}.Release|Any CPU.ActiveCfg = Release|Win32
		{A4DEF05E-E072-493E-B282-84731D60BCF0}.Release|Mixed Platforms.ActiveCfg = Release|Win32
		{A4DEF05E-E072-493E-B282-84731D60BCF0}.Release|Mixed Platforms.Build.0 = Release|Win32
		{A4DEF05E-E072-493E-B282-84731D60BCF0}.Release|Win32.ActiveCfg = Release|Win32
		{A4DEF05E-E072-493E-B282-84731D60BCF0}.Release|Win32.Build.0 = Release|Win32
		{BC84E462-FE2C-49FA-9A1A-B7C10CCDF267}.Debug|Any CPU.ActiveCfg = Debug|Win32
		{BC84E462-FE2C-49FA-9A1A-B7C10CCDF267}.Debug|Mixed Platforms.ActiveCfg = Debug|Win32
		{BC84E462-FE2C-49FA-9A1A-B7C10CCDF267}.Debug|Mixed Platforms.Build.0 = Debug|Win32
		{BC84E462-FE2C-49FA-9A1A-B7C10CCDF267}.Debug|Win32.ActiveCfg = Debug|Win32
		{BC84E462-FE2C-49FA-9A1A-B7C10CCDF267}.Debug|Win32.Build.0 = Debug|Win32
		{BC84E462-FE2C-49FA-9A1A-B7C10CCDF267}.profile|Any CPU.ActiveCfg = Release|Win32
		{BC84E462-FE2C-49FA-9A1A-B7C10CCDF267}.profile|Mixed Platforms.ActiveCfg = Release|Win32
		{BC84E462-FE2C-49FA-9A1A-B7C10CCDF267}.profile|Mixed Platforms.Build.0 = Release|Win32
		{BC84E462-FE2C-49FA-9A1A-B7C10CCDF267}.profile|Win32.ActiveCfg = Release|Win32
		{BC84E462-FE2C-49FA-9A1A-B7C10CCDF267}.profile|Win32.Build.0 = Release|Win32
		{BC84E462-FE2C-49FA-9A1A-B7C10CCDF267}.Release|Any CPU.ActiveCfg = Release|Win32
		{BC84E462-FE2C-49FA-9A1A-B7C10CCDF267}.Release|Mixed Platforms.ActiveCfg = Release|Win32
		{BC84E462-FE2C-49FA-9A1A-B7C10CCDF267}.Release|Mixed Platforms.Build.0 = Release|Win32
		{BC84E462-FE2C-49FA-9A1A-B7C10CCDF267}.Release|Win32.ActiveCfg = Release|Win32
		{BC84E462-FE2C-49FA-9A1A-B7C10CCDF267}.Release|Win32.Build.0 = Release|Win32
		{517DC810-A7AD-41DE-901C-C37A4D95CCD8}.Debug|Any CPU.ActiveCfg = Debug|Win32
		{517DC810-A7AD-41DE-901C-C37A4D95CCD8}.Debug|Mixed Platforms.ActiveCfg = Debug|Win32
		{517DC810-A7AD-41DE-901C-C37A4D95CCD8}.Debug|Mixed Platforms.Build.0 = Debug|Win32
		{517DC810-A7AD-41DE-901C-C37A4D95CCD8}.Debug|Win32.ActiveCfg = Debug|Win32
		{517DC810-A7AD-41DE-901C-C37A4D95CCD8}.Debug|Win32.Build.0 = Debug|Win32
		{517DC810-A7AD-41DE-901C-C37A4D95CCD8}.profile|Any CPU.ActiveCfg = Release|Win32
		{517DC810-A7AD-41DE-901C-C37A4D95CCD8}.profile|Mixed Platforms.ActiveCfg = Release|Win32
		{517DC810-A7AD-41DE-901C-C37A4D95CCD8}.profile|Mixed Platforms.Build.0 = Release|Win32
		{517DC810-A7AD-41DE-901C-C37A4D95CCD8}.profile|Win32.ActiveCfg = Release|Win32
		{517DC810-A7AD-41DE-901C-C37A4D95CCD8}.profile|Win32.Build.0 = Release|Win32
		{517DC810-A7AD-41DE-901C-C37A4D95CCD8}.Release|Any CPU.ActiveCfg = Release|Win32
		{517DC810-A7AD-41DE-901C-C37A4D95CCD8}.Release|Mixed Platforms.ActiveCfg = Release|Win32
		{517DC810-A7AD-41DE-901C-C37A4D95CCD8}.Release|Mixed Platforms.Build.0 = Release|Win32
		{517DC810-A7AD-41DE-901C-C37A4D95CCD8}.Release|Win32.ActiveCfg = Release|Win32
		{517DC810-A7AD-41DE-901C-C37A4D95CCD8}.Release|Win32.Build.0 = Release|Win32
	EndGlobalSection
	GlobalSection(SolutionProperties) = preSolution
		HideSolutionNode = FALSE
	EndGlobalSection
EndGlobal
